
Microsoft Visual Studio Solution File, Format Version 12.00
# Visual Studio 15
VisualStudioVersion = 15.0.27428.2043
MinimumVisualStudioVersion = 10.0.40219.1
Project("{FAE04EC0-301F-11D3-BF4B-00C04F79EFBC}") = "LabNumber29GC", "LabNumber29GC\LabNumber29GC.csproj", "{C33178EA-954D-4053-A1C6-81263D179189}"
EndProject
Global
	GlobalSection(SolutionConfigurationPlatforms) = preSolution
		Debug|Any CPU = Debug|Any CPU
		Release|Any CPU = Release|Any CPU
	EndGlobalSection
	GlobalSection(ProjectConfigurationPlatforms) = postSolution
		{C33178EA-954D-4053-A1C6-81263D179189}.Debug|Any CPU.ActiveCfg = Debug|Any CPU
		{C33178EA-954D-4053-A1C6-81263D179189}.Debug|Any CPU.Build.0 = Debug|Any CPU
		{C33178EA-954D-4053-A1C6-81263D179189}.Release|Any CPU.ActiveCfg = Release|Any CPU
		{C33178EA-954D-4053-A1C6-81263D179189}.Release|Any CPU.Build.0 = Release|Any CPU
	EndGlobalSection
	GlobalSection(SolutionProperties) = preSolution
		HideSolutionNode = FALSE
	EndGlobalSection
	GlobalSection(ExtensibilityGlobals) = postSolution
		SolutionGuid = {A925BE30-AB44-43F8-AF75-BDCEB02128FA}
	EndGlobalSection
EndGlobal
